{
  "name": "my-react-app",
  "version": "1.0.0",
  "lockfileVersion": 2,
  "requires": true,
  "packages": {
    "": {
      "version": "1.0.0",
      "resolved": "https://registry.npmjs.org/my-react-app/-/my-react-app-1.0.0.tgz",
      "integrity": "<integrity hash>",
      "dev": true
    },
    "node_modules/": {
      "version": "1.0.0",
      "resolved": "https://registry.npmjs.org/node_modules/-/node_modules-1.0.0.tgz",
      "integrity": "<integrity hash>",
      "dev": true
    },
    "react": {
      "version": "17.0.2",
      "resolved": "https://registry.npmjs.org/react/-/react-17.0.2.tgz",
      "integrity": "<integrity hash>",
      "dependencies": {
        "scheduler": {
          "version": "0.21.0",
          "resolved": "https://registry.npmjs.org/scheduler/-/scheduler-0.21.0.tgz",
          "integrity": "<integrity hash>"
        }
      },
      "dev": false
    },
    "react-dom": {
      "version": "17.0.2",
      "resolved": "https://registry.npmjs.org/react-dom/-/react-dom-17.0.2.tgz",
      "integrity": "<integrity hash>",
      "dependencies": {
        "react": {
          "version": "17.0.2",
          "resolved": "https://registry.npmjs.org/react/-/react-17.0.2.tgz",
          "integrity": "<integrity hash>"
        }
      },
      "dev": false
    },
    // More dependencies...
  },
  "dependencies": {
    "react": "^17.0.2",
    "react-dom": "^17.0.2"
    // More dependencies...
  }
}































    
